
Microsoft Visual Studio Solution File, Format Version 12.00
Project("{F2A71F9B-5D33-465A-A702-920D77279786}") = "Katerini.Website", "source\Katerini.Website\Katerini.Website.fsproj", "{C2746295-B763-4E6C-A15E-6C202C811089}"
EndProject
Project("{FAE04EC0-301F-11D3-BF4B-00C04F79EFBC}") = "Katerini.Service", "source\Katerini.Service\Katerini.Service.csproj", "{915E932C-D04A-4922-AAD6-8E81DC82F061}"
EndProject
Project("{FAE04EC0-301F-11D3-BF4B-00C04F79EFBC}") = "Katerini.Core.Messaging", "source\Katerini.Core.Messaging\Katerini.Core.Messaging.csproj", "{5360BB41-0DD5-4E7D-9906-9596E250ABC7}"
EndProject
Project("{2150E333-8FDC-42A3-9474-1A3956D46DE8}") = "source", "source", "{72101DED-8193-4A85-9C7A-C9B0A7AC9FBF}"
EndProject
Project("{2150E333-8FDC-42A3-9474-1A3956D46DE8}") = "tests", "tests", "{BD26FBAD-95F3-4E3A-B022-42A78D6CEC2D}"
EndProject
Project("{FAE04EC0-301F-11D3-BF4B-00C04F79EFBC}") = "Katerini.Core.Outbox", "source\Katerini.Core.Outbox\Katerini.Core.Outbox.csproj", "{73908500-6A70-41A3-9196-9E4D8FE8089E}"
EndProject
Project("{FAE04EC0-301F-11D3-BF4B-00C04F79EFBC}") = "Katerini.Database", "source\Katerini.Database\Katerini.Database.csproj", "{7C361BED-08B3-493E-82D8-472E7D1A998A}"
EndProject
Project("{FAE04EC0-301F-11D3-BF4B-00C04F79EFBC}") = "Katerini.IntegrationApi", "source\Katerini.IntegrationApi\Katerini.IntegrationApi.csproj", "{FBE6B5A2-4DE4-42F1-965A-8F90F5550F70}"
EndProject
Project("{2150E333-8FDC-42A3-9474-1A3956D46DE8}") = "infrastructure", "infrastructure", "{CD52788E-FCF8-4FC6-A0F3-EDC90F77EDC3}"
EndProject
Project("{2150E333-8FDC-42A3-9474-1A3956D46DE8}") = "decisions", "decisions", "{A5FB4EFD-B6D6-4B70-A925-6E16ED998C87}"
EndProject
Global
	GlobalSection(SolutionConfigurationPlatforms) = preSolution
		Debug|Any CPU = Debug|Any CPU
		Release|Any CPU = Release|Any CPU
	EndGlobalSection
	GlobalSection(ProjectConfigurationPlatforms) = postSolution
		{C2746295-B763-4E6C-A15E-6C202C811089}.Debug|Any CPU.ActiveCfg = Debug|Any CPU
		{C2746295-B763-4E6C-A15E-6C202C811089}.Debug|Any CPU.Build.0 = Debug|Any CPU
		{C2746295-B763-4E6C-A15E-6C202C811089}.Release|Any CPU.ActiveCfg = Release|Any CPU
		{C2746295-B763-4E6C-A15E-6C202C811089}.Release|Any CPU.Build.0 = Release|Any CPU
		{915E932C-D04A-4922-AAD6-8E81DC82F061}.Debug|Any CPU.ActiveCfg = Debug|Any CPU
		{915E932C-D04A-4922-AAD6-8E81DC82F061}.Debug|Any CPU.Build.0 = Debug|Any CPU
		{915E932C-D04A-4922-AAD6-8E81DC82F061}.Release|Any CPU.ActiveCfg = Release|Any CPU
		{915E932C-D04A-4922-AAD6-8E81DC82F061}.Release|Any CPU.Build.0 = Release|Any CPU
		{5360BB41-0DD5-4E7D-9906-9596E250ABC7}.Debug|Any CPU.ActiveCfg = Debug|Any CPU
		{5360BB41-0DD5-4E7D-9906-9596E250ABC7}.Debug|Any CPU.Build.0 = Debug|Any CPU
		{5360BB41-0DD5-4E7D-9906-9596E250ABC7}.Release|Any CPU.ActiveCfg = Release|Any CPU
		{5360BB41-0DD5-4E7D-9906-9596E250ABC7}.Release|Any CPU.Build.0 = Release|Any CPU
		{73908500-6A70-41A3-9196-9E4D8FE8089E}.Debug|Any CPU.ActiveCfg = Debug|Any CPU
		{73908500-6A70-41A3-9196-9E4D8FE8089E}.Debug|Any CPU.Build.0 = Debug|Any CPU
		{73908500-6A70-41A3-9196-9E4D8FE8089E}.Release|Any CPU.ActiveCfg = Release|Any CPU
		{73908500-6A70-41A3-9196-9E4D8FE8089E}.Release|Any CPU.Build.0 = Release|Any CPU
		{7C361BED-08B3-493E-82D8-472E7D1A998A}.Debug|Any CPU.ActiveCfg = Debug|Any CPU
		{7C361BED-08B3-493E-82D8-472E7D1A998A}.Debug|Any CPU.Build.0 = Debug|Any CPU
		{7C361BED-08B3-493E-82D8-472E7D1A998A}.Release|Any CPU.ActiveCfg = Release|Any CPU
		{7C361BED-08B3-493E-82D8-472E7D1A998A}.Release|Any CPU.Build.0 = Release|Any CPU
		{FBE6B5A2-4DE4-42F1-965A-8F90F5550F70}.Debug|Any CPU.ActiveCfg = Debug|Any CPU
		{FBE6B5A2-4DE4-42F1-965A-8F90F5550F70}.Debug|Any CPU.Build.0 = Debug|Any CPU
		{FBE6B5A2-4DE4-42F1-965A-8F90F5550F70}.Release|Any CPU.ActiveCfg = Release|Any CPU
		{FBE6B5A2-4DE4-42F1-965A-8F90F5550F70}.Release|Any CPU.Build.0 = Release|Any CPU
	EndGlobalSection
	GlobalSection(NestedProjects) = preSolution
		{5360BB41-0DD5-4E7D-9906-9596E250ABC7} = {72101DED-8193-4A85-9C7A-C9B0A7AC9FBF}
		{915E932C-D04A-4922-AAD6-8E81DC82F061} = {72101DED-8193-4A85-9C7A-C9B0A7AC9FBF}
		{C2746295-B763-4E6C-A15E-6C202C811089} = {72101DED-8193-4A85-9C7A-C9B0A7AC9FBF}
		{73908500-6A70-41A3-9196-9E4D8FE8089E} = {72101DED-8193-4A85-9C7A-C9B0A7AC9FBF}
		{7C361BED-08B3-493E-82D8-472E7D1A998A} = {72101DED-8193-4A85-9C7A-C9B0A7AC9FBF}
		{FBE6B5A2-4DE4-42F1-965A-8F90F5550F70} = {72101DED-8193-4A85-9C7A-C9B0A7AC9FBF}
	EndGlobalSection
EndGlobal
